// !$*UTF8*$!
{
	archiveVersion = 1;
	classes = {
	};
	objectVersion = 46;
	objects = {

/* Begin PBXBuildFile section */
		F3C148E71E69528F00719E6C /* AppDelegate.swift in Sources */ = {isa = PBXBuildFile; fileRef = F3C148E61E69528F00719E6C /* AppDelegate.swift */; };
		F3C148E91E69528F00719E6C /* ViewController.swift in Sources */ = {isa = PBXBuildFile; fileRef = F3C148E81E69528F00719E6C /* ViewController.swift */; };
		F3C148EC1E69528F00719E6C /* Main.storyboard in Resources */ = {isa = PBXBuildFile; fileRef = F3C148EA1E69528F00719E6C /* Main.storyboard */; };
		F3C148EE1E69528F00719E6C /* Assets.xcassets in Resources */ = {isa = PBXBuildFile; fileRef = F3C148ED1E69528F00719E6C /* Assets.xcassets */; };
		F3C148F11E69528F00719E6C /* LaunchScreen.storyboard in Resources */ = {isa = PBXBuildFile; fileRef = F3C148EF1E69528F00719E6C /* LaunchScreen.storyboard */; };
/* End PBXBuildFile section */

/* Begin PBXFileReference section */
		F3C148E31E69528F00719E6C /* DrawingCanvas.app */ = {isa = PBXFileReference; explicitFileType = wrapper.application; includeInIndex = 0; path = DrawingCanvas.app; sourceTree = BUILT_PRODUCTS_DIR; };
		F3C148E61E69528F00719E6C /* AppDelegate.swift */ = {isa = PBXFileReference; lastKnownFileType = sourcecode.swift; path = AppDelegate.swift; sourceTree = "<group>"; };
		F3C148E81E69528F00719E6C /* ViewController.swift */ = {isa = PBXFileReference; lastKnownFileType = sourcecode.swift; path = ViewController.swift; sourceTree = "<group>"; };
		F3C148EB1E69528F00719E6C /* Base */ = {isa = PBXFileReference; lastKnownFileType = file.storyboard; name = Base; path = Base.lproj/Main.storyboard; sourceTree = "<group>"; };
		F3C148ED1E69528F00719E6C /* Assets.xcassets */ = {isa = PBXFileReference; lastKnownFileType = folder.assetcatalog; path = Assets.xcassets; sourceTree = "<group>"; };
		F3C148F01E69528F00719E6C /* Base */ = {isa = PBXFileReference; lastKnownFileType = file.storyboard; name = Base; path = Base.lproj/LaunchScreen.storyboard; sourceTree = "<group>"; };
		F3C148F21E69528F00719E6C /* Info.plist */ = {isa = PBXFileReference; lastKnownFileType = text.plist.xml; path = Info.plist; sourceTree = "<group>"; };
/* End PBXFileReference section */

/* Begin PBXFrameworksBuildPhase section */
		F3C148E01E69528F00719E6C /* Frameworks */ = {
			isa = PBXFrameworksBuildPhase;
			buildActionMask = 2147483647;
			files = (
			);
			runOnlyForDeploymentPostprocessing = 0;
		};
/* End PBXFrameworksBuildPhase section */

/* Begin PBXGroup section */
		F3C148DA1E69528F00719E6C = {
			isa = PBXGroup;
			children = (
				F3C148E51E69528F00719E6C /* DrawingCanvas */,
				F3C148E41E69528F00719E6C /* Products */,
			);
			sourceTree = "<group>";
		};
		F3C148E41E69528F00719E6C /* Products */ = {
			isa = PBXGroup;
			children = (
				F3C148E31E69528F00719E6C /* DrawingCanvas.app */,
			);
			name = Products;
			sourceTree = "<group>";
		};
		F3C148E51E69528F00719E6C /* DrawingCanvas */ = {
			isa = PBXGroup;
			children = (
				F3C148E61E69528F00719E6C /* AppDelegate.swift */,
				F3C148E81E69528F00719E6C /* ViewController.swift */,
				F3C148EA1E69528F00719E6C /* Main.storyboard */,
				F3C148ED1E69528F00719E6C /* Assets.xcassets */,
				F3C148EF1E69528F00719E6C /* LaunchScreen.storyboard */,
				F3C148F21E69528F00719E6C /* Info.plist */,
			);
			path = DrawingCanvas;
			sourceTree = "<group>";
		};
/* End PBXGroup section */

/* Begin PBXNativeTarget section */
		F3C148E21E69528F00719E6C /* DrawingCanvas */ = {
			isa = PBXNativeTarget;
			buildConfigurationList = F3C148F51E69528F00719E6C /* Build configuration list for PBXNativeTarget "DrawingCanvas" */;
			buildPhases = (
				F3C148DF1E69528F00719E6C /* Sources */,
				F3C148E01E69528F00719E6C /* Frameworks */,
				F3C148E11E69528F00719E6C /* Resources */,
			);
			buildRules = (
			);
			dependencies = (
			);
			name = DrawingCanvas;
			productName = DrawingCanvas;
			productReference = F3C148E31E69528F00719E6C /* DrawingCanvas.app */;
			productType = "com.apple.product-type.application";
		};
/* End PBXNativeTarget section */

/* Begin PBXProject section */
		F3C148DB1E69528F00719E6C /* Project object */ = {
			isa = PBXProject;
			attributes = {
				LastSwiftUpdateCheck = 0820;
				LastUpgradeCheck = 0820;
				ORGANIZATIONNAME = tokoro;
				TargetAttributes = {
					F3C148E21E69528F00719E6C = {
						CreatedOnToolsVersion = 8.2;
						DevelopmentTeam = DWYZ64R59Z;
						ProvisioningStyle = Automatic;
					};
				};
			};
			buildConfigurationList = F3C148DE1E69528F00719E6C /* Build configuration list for PBXProject "DrawingCanvas" */;
			compatibilityVersion = "Xcode 3.2";
			developmentRegion = English;
			hasScannedForEncodings = 0;
			knownRegions = (
				en,
				Base,
			);
			mainGroup = F3C148DA1E69528F00719E6C;
			productRefGroup = F3C148E41E69528F00719E6C /* Products */;
			projectDirPath = "";
			projectRoot = "";
			targets = (
				F3C148E21E69528F00719E6C /* DrawingCanvas */,
			);
		};
/* End PBXProject section */

/* Begin PBXResourcesBuildPhase section */
		F3C148E11E69528F00719E6C /* Resources */ = {
			isa = PBXResourcesBuildPhase;
			buildActionMask = 2147483647;
			files = (
				F3C148F11E69528F00719E6C /* LaunchScreen.storyboard in Resources */,
				F3C148EE1E69528F00719E6C /* Assets.xcassets in Resources */,
				F3C148EC1E69528F00719E6C /* Main.storyboard in Resources */,
			);
			runOnlyForDeploymentPostprocessing = 0;
		};
/* End PBXResourcesBuildPhase section */

/* Begin PBXSourcesBuildPhase section */
		F3C148DF1E69528F00719E6C /* Sources */ = {
			isa = PBXSourcesBuildPhase;
			buildActionMask = 2147483647;
			files = (
				F3C148E91E69528F00719E6C /* ViewController.swift in Sources */,
				F3C148E71E69528F00719E6C /* AppDelegate.swift in Sources */,
			);
			runOnlyForDeploymentPostprocessing = 0;
		};
/* End PBXSourcesBuildPhase section */

/* Begin PBXVariantGroup section */
		F3C148EA1E69528F00719E6C /* Main.storyboard */ = {
			isa = PBXVariantGroup;
			children = (
				F3C148EB1E69528F00719E6C /* Base */,
			);
			name = Main.storyboard;
			sourceTree = "<group>";
		};
		F3C148EF1E69528F00719E6C /* LaunchScreen.storyboard */ = {
			isa = PBXVariantGroup;
			children = (
				F3C148F01E69528F00719E6C /* Base */,
			);
			name = LaunchScreen.storyboard;
			sourceTree = "<group>";
		};
/* End PBXVariantGroup section */

/* Begin XCBuildConfiguration section */
		F3C148F31E69528F00719E6C /* Debug */ = {
			isa = XCBuildConfiguration;
			buildSettings = {
				ALWAYS_SEARCH_USER_PATHS = NO;
				CLANG_ANALYZER_NONNULL = YES;
				CLANG_CXX_LANGUAGE_STANDARD = "gnu++0x";
				CLANG_CXX_LIBRARY = "libc++";
				CLANG_ENABLE_MODULES = YES;
				CLANG_ENABLE_OBJC_ARC = YES;
				CLANG_WARN_BOOL_CONVERSION = YES;
				CLANG_WARN_CONSTANT_CONVERSION = YES;
				CLANG_WARN_DIRECT_OBJC_ISA_USAGE = YES_ERROR;
				CLANG_WARN_DOCUMENTATION_COMMENTS = YES;
				CLANG_WARN_EMPTY_BODY = YES;
				CLANG_WARN_ENUM_CONVERSION = YES;
				CLANG_WARN_INFINITE_RECURSION = YES;
				CLANG_WARN_INT_CONVERSION = YES;
				CLANG_WARN_OBJC_ROOT_CLASS = YES_ERROR;
				CLANG_WARN_SUSPICIOUS_MOVE = YES;
				CLANG_WARN_UNREACHABLE_CODE = YES;
				CLANG_WARN__DUPLICATE_METHOD_MATCH = YES;
				"CODE_SIGN_IDENTITY[sdk=iphoneos*]" = "iPhone Developer";
				COPY_PHASE_STRIP = NO;
				DEBUG_INFORMATION_FORMAT = dwarf;
				ENABLE_STRICT_OBJC_MSGSEND = YES;
				ENABLE_TESTABILITY = YES;
				GCC_C_LANGUAGE_STANDARD = gnu99;
				GCC_DYNAMIC_NO_PIC = NO;
				GCC_NO_COMMON_BLOCKS = YES;
				GCC_OPTIMIZATION_LEVEL = 0;
				GCC_PREPROCESSOR_DEFINITIONS = (
					"DEBUG=1",
					"$(inherited)",
				);
				GCC_WARN_64_TO_32_BIT_CONVERSION = YES;
				GCC_WARN_ABOUT_RETURN_TYPE = YES_ERROR;
				GCC_WARN_UNDECLARED_SELECTOR = YES;
				GCC_WARN_UNINITIALIZED_AUTOS = YES_AGGRESSIVE;
				GCC_WARN_UNUSED_FUNCTION = YES;
				GCC_WARN_UNUSED_VARIABLE = YES;
				IPHONEOS_DEPLOYMENT_TARGET = 10.2;
				MTL_ENABLE_DEBUG_INFO = YES;
				ONLY_ACTIVE_ARCH = YES;
				SDKROOT = iphoneos;
				SWIFT_ACTIVE_COMPILATION_CONDITIONS = DEBUG;
				SWIFT_OPTIMIZATION_LEVEL = "-Onone";
			};
			name = Debug;
		};
		F3C148F41E69528F00719E6C /* Release */ = {
			isa = XCBuildConfiguration;
			buildSettings = {
				ALWAYS_SEARCH_USER_PATHS = NO;
				CLANG_ANALYZER_NONNULL = YES;
				CLANG_CXX_LANGUAGE_STANDARD = "gnu++0x";
				CLANG_CXX_LIBRARY = "libc++";
				CLANG_ENABLE_MODULES = YES;
				CLANG_ENABLE_OBJC_ARC = YES;
				CLANG_WARN_BOOL_CONVERSION = YES;
				CLANG_WARN_CONSTANT_CONVERSION = YES;
				CLANG_WARN_DIRECT_OBJC_ISA_USAGE = YES_ERROR;
				CLANG_WARN_DOCUMENTATION_COMMENTS = YES;
				CLANG_WARN_EMPTY_BODY = YES;
				CLANG_WARN_ENUM_CONVERSION = YES;
				CLANG_WARN_INFINITE_RECURSION = YES;
				CLANG_WARN_INT_CONVERSION = YES;
				CLANG_WARN_OBJC_ROOT_CLASS = YES_ERROR;
				CLANG_WARN_SUSPICIOUS_MOVE = YES;
				CLANG_WARN_UNREACHABLE_CODE = YES;
				CLANG_WARN__DUPLICATE_METHOD_MATCH = YES;
				"CODE_SIGN_IDENTITY[sdk=iphoneos*]" = "iPhone Developer";
				COPY_PHASE_STRIP = NO;
				DEBUG_INFORMATION_FORMAT = "dwarf-with-dsym";
				ENABLE_NS_ASSERTIONS = NO;
				ENABLE_STRICT_OBJC_MSGSEND = YES;
				GCC_C_LANGUAGE_STANDARD = gnu99;
				GCC_NO_COMMON_BLOCKS = YES;
				GCC_WARN_64_TO_32_BIT_CONVERSION = YES;
				GCC_WARN_ABOUT_RETURN_TYPE = YES_ERROR;
				GCC_WARN_UNDECLARED_SELECTOR = YES;
				GCC_WARN_UNINITIALIZED_AUTOS = YES_AGGRESSIVE;
				GCC_WARN_UNUSED_FUNCTION = YES;
				GCC_WARN_UNUSED_VARIABLE = YES;
				IPHONEOS_DEPLOYMENT_TARGET = 10.2;
				MTL_ENABLE_DEBUG_INFO = NO;
				SDKROOT = iphoneos;
				SWIFT_OPTIMIZATION_LEVEL = "-Owholemodule";
				VALIDATE_PRODUCT = YES;
			};
			name = Release;
		};
		F3C148F61E69528F00719E6C /* Debug */ = {
			isa = XCBuildConfiguration;
			buildSettings = {
				ASSETCATALOG_COMPILER_APPICON_NAME = AppIcon;
				DEVELOPMENT_TEAM = DWYZ64R59Z;
				INFOPLIST_FILE = DrawingCanvas/Info.plist;
				IPHONEOS_DEPLOYMENT_TARGET = 9.0;
				LD_RUNPATH_SEARCH_PATHS = "$(inherited) @executable_path/Frameworks";
				PRODUCT_BUNDLE_IDENTIFIER = me.tokoro.DrawingCanvas;
				PRODUCT_NAME = "$(TARGET_NAME)";
				SWIFT_VERSION = 3.0;
			};
			name = Debug;
		};
		F3C148F71E69528F00719E6C /* Release */ = {
			isa = XCBuildConfiguration;
			buildSettings = {
				ASSETCATALOG_COMPILER_APPICON_NAME = AppIcon;
				DEVELOPMENT_TEAM = DWYZ64R59Z;
				INFOPLIST_FILE = DrawingCanvas/Info.plist;
				IPHONEOS_DEPLOYMENT_TARGET = 9.0;
				LD_RUNPATH_SEARCH_PATHS = "$(inherited) @executable_path/Frameworks";
				PRODUCT_BUNDLE_IDENTIFIER = me.tokoro.DrawingCanvas;
				PRODUCT_NAME = "$(TARGET_NAME)";
				SWIFT_VERSION = 3.0;
			};
			name = Release;
		};
/* End XCBuildConfiguration section */

/* Begin XCConfigurationList section */
		F3C148DE1E69528F00719E6C /* Build configuration list for PBXProject "DrawingCanvas" */ = {
			isa = XCConfigurationList;
			buildConfigurations = (
				F3C148F31E69528F00719E6C /* Debug */,
				F3C148F41E69528F00719E6C /* Release */,
			);
			defaultConfigurationIsVisible = 0;
			defaultConfigurationName = Release;
		};
		F3C148F51E69528F00719E6C /* Build configuration list for PBXNativeTarget "DrawingCanvas" */ = {
			isa = XCConfigurationList;
			buildConfigurations = (
				F3C148F61E69528F00719E6C /* Debug */,
				F3C148F71E69528F00719E6C /* Release */,
			);
			defaultConfigurationIsVisible = 0;
		};
/* End XCConfigurationList section */
	};
	rootObject = F3C148DB1E69528F00719E6C /* Project object */;
}
